// !$*UTF8*$!
{
	archiveVersion = 1;
	classes = {
	};
	objectVersion = 46;
	objects = {

/* Begin PBXBuildFile section */
		CADF00BF15CF88DC00649290 /* Cocoa.framework in Frameworks */ = {isa = PBXBuildFile; fileRef = CADF00BE15CF88DC00649290 /* Cocoa.framework */; };
		CADF00C915CF88DC00649290 /* InfoPlist.strings in Resources */ = {isa = PBXBuildFile; fileRef = CADF00C715CF88DC00649290 /* InfoPlist.strings */; };
		CADF00CB15CF88DC00649290 /* main.m in Sources */ = {isa = PBXBuildFile; fileRef = CADF00CA15CF88DC00649290 /* main.m */; };
		CADF00CF15CF88DC00649290 /* Credits.rtf in Resources */ = {isa = PBXBuildFile; fileRef = CADF00CD15CF88DC00649290 /* Credits.rtf */; };
		CADF00D215CF88DC00649290 /* AppDelegate.m in Sources */ = {isa = PBXBuildFile; fileRef = CADF00D115CF88DC00649290 /* AppDelegate.m */; };
		CADF00D515CF88DD00649290 /* MainMenu.xib in Resources */ = {isa = PBXBuildFile; fileRef = CADF00D315CF88DD00649290 /* MainMenu.xib */; };
		CADF00DD15CF88DD00649290 /* SenTestingKit.framework in Frameworks */ = {isa = PBXBuildFile; fileRef = CADF00DC15CF88DD00649290 /* SenTestingKit.framework */; };
		CADF00DE15CF88DD00649290 /* Cocoa.framework in Frameworks */ = {isa = PBXBuildFile; fileRef = CADF00BE15CF88DC00649290 /* Cocoa.framework */; };
		CADF00E615CF88DD00649290 /* InfoPlist.strings in Resources */ = {isa = PBXBuildFile; fileRef = CADF00E415CF88DD00649290 /* InfoPlist.strings */; };
		CADF00E915CF88DD00649290 /* XTests.m in Sources */ = {isa = PBXBuildFile; fileRef = CADF00E815CF88DD00649290 /* XTests.m */; };
/* End PBXBuildFile section */

/* Begin PBXContainerItemProxy section */
		CADF00DF15CF88DD00649290 /* PBXContainerItemProxy */ = {
			isa = PBXContainerItemProxy;
			containerPortal = CADF00B115CF88DC00649290 /* Project object */;
			proxyType = 1;
			remoteGlobalIDString = CADF00B915CF88DC00649290;
			remoteInfo = X;
		};
/* End PBXContainerItemProxy section */

/* Begin PBXFileReference section */
		CADF00BA15CF88DC00649290 /* X.app */ = {isa = PBXFileReference; explicitFileType = wrapper.application; includeInIndex = 0; path = X.app; sourceTree = BUILT_PRODUCTS_DIR; };
		CADF00BE15CF88DC00649290 /* Cocoa.framework */ = {isa = PBXFileReference; lastKnownFileType = wrapper.framework; name = Cocoa.framework; path = System/Library/Frameworks/Cocoa.framework; sourceTree = SDKROOT; };
		CADF00C115CF88DC00649290 /* AppKit.framework */ = {isa = PBXFileReference; lastKnownFileType = wrapper.framework; name = AppKit.framework; path = System/Library/Frameworks/AppKit.framework; sourceTree = SDKROOT; };
		CADF00C215CF88DC00649290 /* CoreData.framework */ = {isa = PBXFileReference; lastKnownFileType = wrapper.framework; name = CoreData.framework; path = System/Library/Frameworks/CoreData.framework; sourceTree = SDKROOT; };
		CADF00C315CF88DC00649290 /* Foundation.framework */ = {isa = PBXFileReference; lastKnownFileType = wrapper.framework; name = Foundation.framework; path = System/Library/Frameworks/Foundation.framework; sourceTree = SDKROOT; };
		CADF00C615CF88DC00649290 /* X-Info.plist */ = {isa = PBXFileReference; path = "X-Info.plist"; sourceTree = "<group>"; };
		CADF00C815CF88DC00649290 /* en */ = {isa = PBXFileReference; lastKnownFileType = text.plist.strings; name = en; path = en.lproj/InfoPlist.strings; sourceTree = "<group>"; };
		CADF00CA15CF88DC00649290 /* main.m */ = {isa = PBXFileReference; lastKnownFileType = sourcecode.c.objc; path = main.m; sourceTree = "<group>"; };
		CADF00CC15CF88DC00649290 /* X-Prefix.pch */ = {isa = PBXFileReference; path = "X-Prefix.pch"; sourceTree = "<group>"; };
		CADF00CE15CF88DC00649290 /* en */ = {isa = PBXFileReference; lastKnownFileType = text.rtf; name = en; path = en.lproj/Credits.rtf; sourceTree = "<group>"; };
		CADF00D015CF88DC00649290 /* AppDelegate.h */ = {isa = PBXFileReference; path = AppDelegate.h; sourceTree = "<group>"; };
		CADF00D115CF88DC00649290 /* AppDelegate.m */ = {isa = PBXFileReference; lastKnownFileType = sourcecode.c.objc; path = AppDelegate.m; sourceTree = "<group>"; };
		CADF00D415CF88DD00649290 /* en */ = {isa = PBXFileReference; lastKnownFileType = file.xib; name = en; path = en.lproj/MainMenu.xib; sourceTree = "<group>"; };
		CADF00DB15CF88DD00649290 /* XTests.octest */ = {isa = PBXFileReference; explicitFileType = wrapper.cfbundle; includeInIndex = 0; path = XTests.octest; sourceTree = BUILT_PRODUCTS_DIR; };
		CADF00DC15CF88DD00649290 /* SenTestingKit.framework */ = {isa = PBXFileReference; lastKnownFileType = wrapper.framework; name = SenTestingKit.framework; path = Library/Frameworks/SenTestingKit.framework; sourceTree = DEVELOPER_DIR; };
		CADF00E315CF88DD00649290 /* XTests-Info.plist */ = {isa = PBXFileReference; path = "XTests-Info.plist"; sourceTree = "<group>"; };
		CADF00E515CF88DD00649290 /* en */ = {isa = PBXFileReference; lastKnownFileType = text.plist.strings; name = en; path = en.lproj/InfoPlist.strings; sourceTree = "<group>"; };
		CADF00E715CF88DD00649290 /* XTests.h */ = {isa = PBXFileReference; path = XTests.h; sourceTree = "<group>"; };
		CADF00E815CF88DD00649290 /* XTests.m */ = {isa = PBXFileReference; lastKnownFileType = sourcecode.c.objc; path = XTests.m; sourceTree = "<group>"; };
/* End PBXFileReference section */

/* Begin PBXFrameworksBuildPhase section */
		CADF00B715CF88DC00649290 /* Frameworks */ = {
			isa = PBXFrameworksBuildPhase;
			buildActionMask = 2147483647;
			files = (
				CADF00BF15CF88DC00649290 /* Cocoa.framework in Frameworks */,
			);
			runOnlyForDeploymentPostprocessing = 0;
		};
		CADF00D715CF88DD00649290 /* Frameworks */ = {
			isa = PBXFrameworksBuildPhase;
			buildActionMask = 2147483647;
			files = (
				CADF00DD15CF88DD00649290 /* SenTestingKit.framework in Frameworks */,
				CADF00DE15CF88DD00649290 /* Cocoa.framework in Frameworks */,
			);
			runOnlyForDeploymentPostprocessing = 0;
		};
/* End PBXFrameworksBuildPhase section */

/* Begin PBXGroup section */
		CADF00AF15CF88DC00649290 = {
			isa = PBXGroup;
			children = (
				CADF00C415CF88DC00649290 /* X */,
				CADF00E115CF88DD00649290 /* XTests */,
				CADF00BD15CF88DC00649290 /* Frameworks */,
				CADF00BB15CF88DC00649290 /* Products */,
			);
			sourceTree = "<group>";
		};
		CADF00BB15CF88DC00649290 /* Products */ = {
			isa = PBXGroup;
			children = (
				CADF00BA15CF88DC00649290 /* X.app */,
				CADF00DB15CF88DD00649290 /* XTests.octest */,
			);
			name = Products;
			sourceTree = "<group>";
		};
		CADF00BD15CF88DC00649290 /* Frameworks */ = {
			isa = PBXGroup;
			children = (
				CADF00BE15CF88DC00649290 /* Cocoa.framework */,
				CADF00DC15CF88DD00649290 /* SenTestingKit.framework */,
				CADF00C015CF88DC00649290 /* Other Frameworks */,
			);
			name = Frameworks;
			sourceTree = "<group>";
		};
		CADF00C015CF88DC00649290 /* Other Frameworks */ = {
			isa = PBXGroup;
			children = (
				CADF00C115CF88DC00649290 /* AppKit.framework */,
				CADF00C215CF88DC00649290 /* CoreData.framework */,
				CADF00C315CF88DC00649290 /* Foundation.framework */,
			);
			name = "Other Frameworks";
			sourceTree = "<group>";
		};
		CADF00C415CF88DC00649290 /* X */ = {
			isa = PBXGroup;
			children = (
				CADF00D015CF88DC00649290 /* AppDelegate.h */,
				CADF00D115CF88DC00649290 /* AppDelegate.m */,
				CADF00D315CF88DD00649290 /* MainMenu.xib */,
				CADF00C515CF88DC00649290 /* Supporting Files */,
			);
			path = X;
			sourceTree = "<group>";
		};
		CADF00C515CF88DC00649290 /* Supporting Files */ = {
			isa = PBXGroup;
			children = (
				CADF00C615CF88DC00649290 /* X-Info.plist */,
				CADF00C715CF88DC00649290 /* InfoPlist.strings */,
				CADF00CA15CF88DC00649290 /* main.m */,
				CADF00CC15CF88DC00649290 /* X-Prefix.pch */,
				CADF00CD15CF88DC00649290 /* Credits.rtf */,
			);
			name = "Supporting Files";
			sourceTree = "<group>";
		};
		CADF00E115CF88DD00649290 /* XTests */ = {
			isa = PBXGroup;
			children = (
				CADF00E715CF88DD00649290 /* XTests.h */,
				CADF00E815CF88DD00649290 /* XTests.m */,
				CADF00E215CF88DD00649290 /* Supporting Files */,
			);
			path = XTests;
			sourceTree = "<group>";
		};
		CADF00E215CF88DD00649290 /* Supporting Files */ = {
			isa = PBXGroup;
			children = (
				CADF00E315CF88DD00649290 /* XTests-Info.plist */,
				CADF00E415CF88DD00649290 /* InfoPlist.strings */,
			);
			name = "Supporting Files";
			sourceTree = "<group>";
		};
/* End PBXGroup section */

/* Begin PBXNativeTarget section */
		CADF00B915CF88DC00649290 /* X */ = {
			isa = PBXNativeTarget;
			buildConfigurationList = CADF00EC15CF88DD00649290 /* Build configuration list for PBXNativeTarget "X" */;
			buildPhases = (
				CADF00B615CF88DC00649290 /* Sources */,
				CADF00B715CF88DC00649290 /* Frameworks */,
				CADF00B815CF88DC00649290 /* Resources */,
			);
			buildRules = (
			);
			dependencies = (
			);
			name = X;
			productName = X;
			productReference = CADF00BA15CF88DC00649290 /* X.app */;
			productType = "com.apple.product-type.application";
		};
		CADF00DA15CF88DD00649290 /* XTests */ = {
			isa = PBXNativeTarget;
			buildConfigurationList = CADF00EF15CF88DD00649290 /* Build configuration list for PBXNativeTarget "XTests" */;
			buildPhases = (
				CADF00D615CF88DD00649290 /* Sources */,
				CADF00D715CF88DD00649290 /* Frameworks */,
				CADF00D815CF88DD00649290 /* Resources */,
				CADF00D915CF88DD00649290 /* ShellScript */,
			);
			buildRules = (
			);
			dependencies = (
				CADF00E015CF88DD00649290 /* PBXTargetDependency */,
			);
			name = XTests;
			productName = XTests;
			productReference = CADF00DB15CF88DD00649290 /* XTests.octest */;
			productType = "com.apple.product-type.bundle";
		};
/* End PBXNativeTarget section */

/* Begin PBXProject section */
		CADF00B115CF88DC00649290 /* Project object */ = {
			isa = PBXProject;
			attributes = {
				LastUpgradeCheck = 0420;
			};
			buildConfigurationList = CADF00B415CF88DC00649290 /* Build configuration list for PBXProject "X" */;
			compatibilityVersion = "Xcode 3.2";
			developmentRegion = English;
			hasScannedForEncodings = 0;
			knownRegions = (
				en,
			);
			mainGroup = CADF00AF15CF88DC00649290;
			productRefGroup = CADF00BB15CF88DC00649290 /* Products */;
			projectDirPath = "";
			projectRoot = "";
			targets = (
				CADF00B915CF88DC00649290 /* X */,
				CADF00DA15CF88DD00649290 /* XTests */,
			);
		};
/* End PBXProject section */

/* Begin PBXResourcesBuildPhase section */
		CADF00B815CF88DC00649290 /* Resources */ = {
			isa = PBXResourcesBuildPhase;
			buildActionMask = 2147483647;
			files = (
				CADF00C915CF88DC00649290 /* InfoPlist.strings in Resources */,
				CADF00CF15CF88DC00649290 /* Credits.rtf in Resources */,
				CADF00D515CF88DD00649290 /* MainMenu.xib in Resources */,
			);
			runOnlyForDeploymentPostprocessing = 0;
		};
		CADF00D815CF88DD00649290 /* Resources */ = {
			isa = PBXResourcesBuildPhase;
			buildActionMask = 2147483647;
			files = (
				CADF00E615CF88DD00649290 /* InfoPlist.strings in Resources */,
			);
			runOnlyForDeploymentPostprocessing = 0;
		};
/* End PBXResourcesBuildPhase section */

/* Begin PBXShellScriptBuildPhase section */
		CADF00D915CF88DD00649290 /* ShellScript */ = {
			isa = PBXShellScriptBuildPhase;
			buildActionMask = 2147483647;
			files = (
			);
			inputPaths = (
			);
			outputPaths = (
			);
			runOnlyForDeploymentPostprocessing = 0;
			shellPath = /bin/sh;
			shellScript = "# Run the unit tests in this test bundle.\n\"${SYSTEM_DEVELOPER_DIR}/Tools/RunUnitTests\"\n";
		};
/* End PBXShellScriptBuildPhase section */

/* Begin PBXSourcesBuildPhase section */
		CADF00B615CF88DC00649290 /* Sources */ = {
			isa = PBXSourcesBuildPhase;
			buildActionMask = 2147483647;
			files = (
				CADF00CB15CF88DC00649290 /* main.m in Sources */,
				CADF00D215CF88DC00649290 /* AppDelegate.m in Sources */,
			);
			runOnlyForDeploymentPostprocessing = 0;
		};
		CADF00D615CF88DD00649290 /* Sources */ = {
			isa = PBXSourcesBuildPhase;
			buildActionMask = 2147483647;
			files = (
				CADF00E915CF88DD00649290 /* XTests.m in Sources */,
			);
			runOnlyForDeploymentPostprocessing = 0;
		};
/* End PBXSourcesBuildPhase section */

/* Begin PBXTargetDependency section */
		CADF00E015CF88DD00649290 /* PBXTargetDependency */ = {
			isa = PBXTargetDependency;
			target = CADF00B915CF88DC00649290 /* X */;
			targetProxy = CADF00DF15CF88DD00649290 /* PBXContainerItemProxy */;
		};
/* End PBXTargetDependency section */

/* Begin PBXVariantGroup section */
		CADF00C715CF88DC00649290 /* InfoPlist.strings */ = {
			isa = PBXVariantGroup;
			children = (
				CADF00C815CF88DC00649290 /* en */,
			);
			name = InfoPlist.strings;
			sourceTree = "<group>";
		};
		CADF00CD15CF88DC00649290 /* Credits.rtf */ = {
			isa = PBXVariantGroup;
			children = (
				CADF00CE15CF88DC00649290 /* en */,
			);
			name = Credits.rtf;
			sourceTree = "<group>";
		};
		CADF00D315CF88DD00649290 /* MainMenu.xib */ = {
			isa = PBXVariantGroup;
			children = (
				CADF00D415CF88DD00649290 /* en */,
			);
			name = MainMenu.xib;
			sourceTree = "<group>";
		};
		CADF00E415CF88DD00649290 /* InfoPlist.strings */ = {
			isa = PBXVariantGroup;
			children = (
				CADF00E515CF88DD00649290 /* en */,
			);
			name = InfoPlist.strings;
			sourceTree = "<group>";
		};
/* End PBXVariantGroup section */

/* Begin XCBuildConfiguration section */
		CADF00EA15CF88DD00649290 /* Debug */ = {
			isa = XCBuildConfiguration;
			buildSettings = {
				ALWAYS_SEARCH_USER_PATHS = NO;
				ARCHS = "$(ARCHS_STANDARD_64_BIT)";
				CLANG_ENABLE_OBJC_ARC = YES;
				COPY_PHASE_STRIP = NO;
				GCC_C_LANGUAGE_STANDARD = gnu99;
				GCC_DYNAMIC_NO_PIC = NO;
				GCC_ENABLE_OBJC_EXCEPTIONS = YES;
				GCC_OPTIMIZATION_LEVEL = 0;
				GCC_PREPROCESSOR_DEFINITIONS = (
					"DEBUG=1",
					"$(inherited)",
				);
				GCC_SYMBOLS_PRIVATE_EXTERN = NO;
				GCC_VERSION = com.apple.compilers.llvm.clang.1_0;
				GCC_WARN_64_TO_32_BIT_CONVERSION = YES;
				GCC_WARN_ABOUT_MISSING_PROTOTYPES = YES;
				GCC_WARN_ABOUT_RETURN_TYPE = YES;
				GCC_WARN_UNUSED_VARIABLE = YES;
				MACOSX_DEPLOYMENT_TARGET = 10.7;
				ONLY_ACTIVE_ARCH = YES;
				SDKROOT = macosx;
			};
			name = Debug;
		};
		CADF00EB15CF88DD00649290 /* Release */ = {
			isa = XCBuildConfiguration;
			buildSettings = {
				ALWAYS_SEARCH_USER_PATHS = NO;
				ARCHS = "$(ARCHS_STANDARD_64_BIT)";
				CLANG_ENABLE_OBJC_ARC = YES;
				COPY_PHASE_STRIP = YES;
				DEBUG_INFORMATION_FORMAT = "dwarf-with-dsym";
				GCC_C_LANGUAGE_STANDARD = gnu99;
				GCC_ENABLE_OBJC_EXCEPTIONS = YES;
				GCC_VERSION = com.apple.compilers.llvm.clang.1_0;
				GCC_WARN_64_TO_32_BIT_CONVERSION = YES;
				GCC_WARN_ABOUT_MISSING_PROTOTYPES = YES;
				GCC_WARN_ABOUT_RETURN_TYPE = YES;
				GCC_WARN_UNUSED_VARIABLE = YES;
				MACOSX_DEPLOYMENT_TARGET = 10.7;
				SDKROOT = macosx;
			};
			name = Release;
		};
		CADF00ED15CF88DD00649290 /* Debug */ = {
			isa = XCBuildConfiguration;
			buildSettings = {
				GCC_PRECOMPILE_PREFIX_HEADER = YES;
				GCC_PREFIX_HEADER = "X/X-Prefix.pch";
				INFOPLIST_FILE = "X/X-Info.plist";
				PRODUCT_NAME = "$(TARGET_NAME)";
				WRAPPER_EXTENSION = app;
			};
			name = Debug;
		};
		CADF00EE15CF88DD00649290 /* Release */ = {
			isa = XCBuildConfiguration;
			buildSettings = {
				GCC_PRECOMPILE_PREFIX_HEADER = YES;
				GCC_PREFIX_HEADER = "X/X-Prefix.pch";
				INFOPLIST_FILE = "X/X-Info.plist";
				PRODUCT_NAME = "$(TARGET_NAME)";
				WRAPPER_EXTENSION = app;
			};
			name = Release;
		};
		CADF00F015CF88DD00649290 /* Debug */ = {
			isa = XCBuildConfiguration;
			buildSettings = {
				BUNDLE_LOADER = "$(BUILT_PRODUCTS_DIR)/X.app/Contents/MacOS/X";
				FRAMEWORK_SEARCH_PATHS = "$(DEVELOPER_LIBRARY_DIR)/Frameworks";
				GCC_PRECOMPILE_PREFIX_HEADER = YES;
				GCC_PREFIX_HEADER = "X/X-Prefix.pch";
				INFOPLIST_FILE = "XTests/XTests-Info.plist";
				PRODUCT_NAME = "$(TARGET_NAME)";
				TEST_HOST = "$(BUNDLE_LOADER)";
				WRAPPER_EXTENSION = octest;
			};
			name = Debug;
		};
		CADF00F115CF88DD00649290 /* Release */ = {
			isa = XCBuildConfiguration;
			buildSettings = {
				BUNDLE_LOADER = "$(BUILT_PRODUCTS_DIR)/X.app/Contents/MacOS/X";
				FRAMEWORK_SEARCH_PATHS = "$(DEVELOPER_LIBRARY_DIR)/Frameworks";
				GCC_PRECOMPILE_PREFIX_HEADER = YES;
				GCC_PREFIX_HEADER = "X/X-Prefix.pch";
				INFOPLIST_FILE = "XTests/XTests-Info.plist";
				PRODUCT_NAME = "$(TARGET_NAME)";
				TEST_HOST = "$(BUNDLE_LOADER)";
				WRAPPER_EXTENSION = octest;
			};
			name = Release;
		};
/* End XCBuildConfiguration section */

/* Begin XCConfigurationList section */
		CADF00B415CF88DC00649290 /* Build configuration list for PBXProject "X" */ = {
			isa = XCConfigurationList;
			buildConfigurations = (
				CADF00EA15CF88DD00649290 /* Debug */,
				CADF00EB15CF88DD00649290 /* Release */,
			);
			defaultConfigurationIsVisible = 0;
			defaultConfigurationName = Release;
		};
		CADF00EC15CF88DD00649290 /* Build configuration list for PBXNativeTarget "X" */ = {
			isa = XCConfigurationList;
			buildConfigurations = (
				CADF00ED15CF88DD00649290 /* Debug */,
				CADF00EE15CF88DD00649290 /* Release */,
			);
			defaultConfigurationIsVisible = 0;
		};
		CADF00EF15CF88DD00649290 /* Build configuration list for PBXNativeTarget "XTests" */ = {
			isa = XCConfigurationList;
			buildConfigurations = (
				CADF00F015CF88DD00649290 /* Debug */,
				CADF00F115CF88DD00649290 /* Release */,
			);
			defaultConfigurationIsVisible = 0;
		};
/* End XCConfigurationList section */
	};
	rootObject = CADF00B115CF88DC00649290 /* Project object */;
}
